
Microsoft Visual Studio Solution File, Format Version 12.00
# Visual Studio Version 16
VisualStudioVersion = 16.0.31911.196
MinimumVisualStudioVersion = 10.0.40219.1
Project("{9A19103F-16F7-4668-BE54-9A1E7A4F7556}") = "Business", "src\Business\Business.csproj", "{7B8B59C8-69B0-4C06-AD75-463E5C0F972C}"
EndProject
Project("{9A19103F-16F7-4668-BE54-9A1E7A4F7556}") = "Data", "src\Data\Data.csproj", "{56A57E46-CB16-40F3-9B7C-39710FFF5BCA}"
EndProject
Project("{FAE04EC0-301F-11D3-BF4B-00C04F79EFBC}") = "API", "src\API\API.csproj", "{61DE00D6-204F-46EE-827D-5DF13CF5D17A}"
EndProject
Global
	GlobalSection(SolutionConfigurationPlatforms) = preSolution
		Debug|Any CPU = Debug|Any CPU
		Release|Any CPU = Release|Any CPU
	EndGlobalSection
	GlobalSection(ProjectConfigurationPlatforms) = postSolution
		{7B8B59C8-69B0-4C06-AD75-463E5C0F972C}.Debug|Any CPU.ActiveCfg = Debug|Any CPU
		{7B8B59C8-69B0-4C06-AD75-463E5C0F972C}.Debug|Any CPU.Build.0 = Debug|Any CPU
		{7B8B59C8-69B0-4C06-AD75-463E5C0F972C}.Release|Any CPU.ActiveCfg = Release|Any CPU
		{7B8B59C8-69B0-4C06-AD75-463E5C0F972C}.Release|Any CPU.Build.0 = Release|Any CPU
		{56A57E46-CB16-40F3-9B7C-39710FFF5BCA}.Debug|Any CPU.ActiveCfg = Debug|Any CPU
		{56A57E46-CB16-40F3-9B7C-39710FFF5BCA}.Debug|Any CPU.Build.0 = Debug|Any CPU
		{56A57E46-CB16-40F3-9B7C-39710FFF5BCA}.Release|Any CPU.ActiveCfg = Release|Any CPU
		{56A57E46-CB16-40F3-9B7C-39710FFF5BCA}.Release|Any CPU.Build.0 = Release|Any CPU
		{61DE00D6-204F-46EE-827D-5DF13CF5D17A}.Debug|Any CPU.ActiveCfg = Debug|Any CPU
		{61DE00D6-204F-46EE-827D-5DF13CF5D17A}.Debug|Any CPU.Build.0 = Debug|Any CPU
		{61DE00D6-204F-46EE-827D-5DF13CF5D17A}.Release|Any CPU.ActiveCfg = Release|Any CPU
		{61DE00D6-204F-46EE-827D-5DF13CF5D17A}.Release|Any CPU.Build.0 = Release|Any CPU
	EndGlobalSection
	GlobalSection(SolutionProperties) = preSolution
		HideSolutionNode = FALSE
	EndGlobalSection
	GlobalSection(ExtensibilityGlobals) = postSolution
		SolutionGuid = {3A5CE0DB-31A5-4051-9768-9512EAC32B92}
	EndGlobalSection
EndGlobal
